// !$*UTF8*$!
{
	archiveVersion = 1;
	classes = {
	};
	objectVersion = 77;
	objects = {

/* Begin PBXBuildFile section */
		172D257AFE48AB7E20FD5085 /* Pods_WA6_Yadav_1702.framework in Frameworks */ = {isa = PBXBuildFile; fileRef = 977E4B2568B3748363185CF5 /* Pods_WA6_Yadav_1702.framework */; };
		2D5D4B831E404D0310EF4F26 /* Pods_WA6_Yadav_1702_WA6_Yadav_1702UITests.framework in Frameworks */ = {isa = PBXBuildFile; fileRef = 3E6B0EA012DFD0D7F823DB92 /* Pods_WA6_Yadav_1702_WA6_Yadav_1702UITests.framework */; };
		74AC7C2FA1376EF5BBBA93E0 /* Pods_WA6_Yadav_1702Tests.framework in Frameworks */ = {isa = PBXBuildFile; fileRef = D63D03891B88257017817D6A /* Pods_WA6_Yadav_1702Tests.framework */; };
/* End PBXBuildFile section */

/* Begin PBXContainerItemProxy section */
		29CFC4BF2EA983B900B823E8 /* PBXContainerItemProxy */ = {
			isa = PBXContainerItemProxy;
			containerPortal = 29CFC4A02EA983B600B823E8 /* Project object */;
			proxyType = 1;
			remoteGlobalIDString = 29CFC4A72EA983B600B823E8;
			remoteInfo = WA6_Yadav_1702;
		};
		29CFC4C92EA983B900B823E8 /* PBXContainerItemProxy */ = {
			isa = PBXContainerItemProxy;
			containerPortal = 29CFC4A02EA983B600B823E8 /* Project object */;
			proxyType = 1;
			remoteGlobalIDString = 29CFC4A72EA983B600B823E8;
			remoteInfo = WA6_Yadav_1702;
		};
/* End PBXContainerItemProxy section */

/* Begin PBXFileReference section */
		0BEAB29C6F9E29A21DA4DC2E /* Pods-WA6_Yadav_1702-WA6_Yadav_1702UITests.debug.xcconfig */ = {isa = PBXFileReference; includeInIndex = 1; lastKnownFileType = text.xcconfig; name = "Pods-WA6_Yadav_1702-WA6_Yadav_1702UITests.debug.xcconfig"; path = "Target Support Files/Pods-WA6_Yadav_1702-WA6_Yadav_1702UITests/Pods-WA6_Yadav_1702-WA6_Yadav_1702UITests.debug.xcconfig"; sourceTree = "<group>"; };
		18DBB44B07EB608F53820DC9 /* Pods-WA6_Yadav_1702Tests.release.xcconfig */ = {isa = PBXFileReference; includeInIndex = 1; lastKnownFileType = text.xcconfig; name = "Pods-WA6_Yadav_1702Tests.release.xcconfig"; path = "Target Support Files/Pods-WA6_Yadav_1702Tests/Pods-WA6_Yadav_1702Tests.release.xcconfig"; sourceTree = "<group>"; };
		29CFC4A82EA983B600B823E8 /* WA6_Yadav_1702.app */ = {isa = PBXFileReference; explicitFileType = wrapper.application; includeInIndex = 0; path = WA6_Yadav_1702.app; sourceTree = BUILT_PRODUCTS_DIR; };
		29CFC4BE2EA983B900B823E8 /* WA6_Yadav_1702Tests.xctest */ = {isa = PBXFileReference; explicitFileType = wrapper.cfbundle; includeInIndex = 0; path = WA6_Yadav_1702Tests.xctest; sourceTree = BUILT_PRODUCTS_DIR; };
		29CFC4C82EA983B900B823E8 /* WA6_Yadav_1702UITests.xctest */ = {isa = PBXFileReference; explicitFileType = wrapper.cfbundle; includeInIndex = 0; path = WA6_Yadav_1702UITests.xctest; sourceTree = BUILT_PRODUCTS_DIR; };
		34C6FB1AD4832C8E9B4F425C /* Pods-WA6_Yadav_1702.debug.xcconfig */ = {isa = PBXFileReference; includeInIndex = 1; lastKnownFileType = text.xcconfig; name = "Pods-WA6_Yadav_1702.debug.xcconfig"; path = "Target Support Files/Pods-WA6_Yadav_1702/Pods-WA6_Yadav_1702.debug.xcconfig"; sourceTree = "<group>"; };
		3E6B0EA012DFD0D7F823DB92 /* Pods_WA6_Yadav_1702_WA6_Yadav_1702UITests.framework */ = {isa = PBXFileReference; explicitFileType = wrapper.framework; includeInIndex = 0; path = Pods_WA6_Yadav_1702_WA6_Yadav_1702UITests.framework; sourceTree = BUILT_PRODUCTS_DIR; };
		4E26B200CDA75CC22315C8ED /* Pods-WA6_Yadav_1702.release.xcconfig */ = {isa = PBXFileReference; includeInIndex = 1; lastKnownFileType = text.xcconfig; name = "Pods-WA6_Yadav_1702.release.xcconfig"; path = "Target Support Files/Pods-WA6_Yadav_1702/Pods-WA6_Yadav_1702.release.xcconfig"; sourceTree = "<group>"; };
		977E4B2568B3748363185CF5 /* Pods_WA6_Yadav_1702.framework */ = {isa = PBXFileReference; explicitFileType = wrapper.framework; includeInIndex = 0; path = Pods_WA6_Yadav_1702.framework; sourceTree = BUILT_PRODUCTS_DIR; };
		BB82550F782C63A8F5093AB4 /* Pods-WA6_Yadav_1702Tests.debug.xcconfig */ = {isa = PBXFileReference; includeInIndex = 1; lastKnownFileType = text.xcconfig; name = "Pods-WA6_Yadav_1702Tests.debug.xcconfig"; path = "Target Support Files/Pods-WA6_Yadav_1702Tests/Pods-WA6_Yadav_1702Tests.debug.xcconfig"; sourceTree = "<group>"; };
		C0C87163A3BD1D9884DF31EF /* Pods-WA6_Yadav_1702-WA6_Yadav_1702UITests.release.xcconfig */ = {isa = PBXFileReference; includeInIndex = 1; lastKnownFileType = text.xcconfig; name = "Pods-WA6_Yadav_1702-WA6_Yadav_1702UITests.release.xcconfig"; path = "Target Support Files/Pods-WA6_Yadav_1702-WA6_Yadav_1702UITests/Pods-WA6_Yadav_1702-WA6_Yadav_1702UITests.release.xcconfig"; sourceTree = "<group>"; };
		D63D03891B88257017817D6A /* Pods_WA6_Yadav_1702Tests.framework */ = {isa = PBXFileReference; explicitFileType = wrapper.framework; includeInIndex = 0; path = Pods_WA6_Yadav_1702Tests.framework; sourceTree = BUILT_PRODUCTS_DIR; };
/* End PBXFileReference section */

/* Begin PBXFileSystemSynchronizedBuildFileExceptionSet section */
		29CFC4D02EA983B900B823E8 /* Exceptions for "WA6_Yadav_1702" folder in "WA6_Yadav_1702" target */ = {
			isa = PBXFileSystemSynchronizedBuildFileExceptionSet;
			membershipExceptions = (
				Info.plist,
			);
			target = 29CFC4A72EA983B600B823E8 /* WA6_Yadav_1702 */;
		};
/* End PBXFileSystemSynchronizedBuildFileExceptionSet section */

/* Begin PBXFileSystemSynchronizedRootGroup section */
		29CFC4AA2EA983B600B823E8 /* WA6_Yadav_1702 */ = {
			isa = PBXFileSystemSynchronizedRootGroup;
			exceptions = (
				29CFC4D02EA983B900B823E8 /* Exceptions for "WA6_Yadav_1702" folder in "WA6_Yadav_1702" target */,
			);
			path = WA6_Yadav_1702;
			sourceTree = "<group>";
		};
		29CFC4C12EA983B900B823E8 /* WA6_Yadav_1702Tests */ = {
			isa = PBXFileSystemSynchronizedRootGroup;
			path = WA6_Yadav_1702Tests;
			sourceTree = "<group>";
		};
		29CFC4CB2EA983B900B823E8 /* WA6_Yadav_1702UITests */ = {
			isa = PBXFileSystemSynchronizedRootGroup;
			path = WA6_Yadav_1702UITests;
			sourceTree = "<group>";
		};
/* End PBXFileSystemSynchronizedRootGroup section */

/* Begin PBXFrameworksBuildPhase section */
		29CFC4A52EA983B600B823E8 /* Frameworks */ = {
			isa = PBXFrameworksBuildPhase;
			buildActionMask = 2147483647;
			files = (
				172D257AFE48AB7E20FD5085 /* Pods_WA6_Yadav_1702.framework in Frameworks */,
			);
			runOnlyForDeploymentPostprocessing = 0;
		};
		29CFC4BB2EA983B900B823E8 /* Frameworks */ = {
			isa = PBXFrameworksBuildPhase;
			buildActionMask = 2147483647;
			files = (
				74AC7C2FA1376EF5BBBA93E0 /* Pods_WA6_Yadav_1702Tests.framework in Frameworks */,
			);
			runOnlyForDeploymentPostprocessing = 0;
		};
		29CFC4C52EA983B900B823E8 /* Frameworks */ = {
			isa = PBXFrameworksBuildPhase;
			buildActionMask = 2147483647;
			files = (
				2D5D4B831E404D0310EF4F26 /* Pods_WA6_Yadav_1702_WA6_Yadav_1702UITests.framework in Frameworks */,
			);
			runOnlyForDeploymentPostprocessing = 0;
		};
/* End PBXFrameworksBuildPhase section */

/* Begin PBXGroup section */
		29CFC49F2EA983B600B823E8 = {
			isa = PBXGroup;
			children = (
				29CFC4AA2EA983B600B823E8 /* WA6_Yadav_1702 */,
				29CFC4C12EA983B900B823E8 /* WA6_Yadav_1702Tests */,
				29CFC4CB2EA983B900B823E8 /* WA6_Yadav_1702UITests */,
				29CFC4A92EA983B600B823E8 /* Products */,
				F25B9FA553C8CC9281BCFE66 /* Pods */,
				F385E066B9CCAED04B2E0E61 /* Frameworks */,
			);
			sourceTree = "<group>";
		};
		29CFC4A92EA983B600B823E8 /* Products */ = {
			isa = PBXGroup;
			children = (
				29CFC4A82EA983B600B823E8 /* WA6_Yadav_1702.app */,
				29CFC4BE2EA983B900B823E8 /* WA6_Yadav_1702Tests.xctest */,
				29CFC4C82EA983B900B823E8 /* WA6_Yadav_1702UITests.xctest */,
			);
			name = Products;
			sourceTree = "<group>";
		};
		F25B9FA553C8CC9281BCFE66 /* Pods */ = {
			isa = PBXGroup;
			children = (
				34C6FB1AD4832C8E9B4F425C /* Pods-WA6_Yadav_1702.debug.xcconfig */,
				4E26B200CDA75CC22315C8ED /* Pods-WA6_Yadav_1702.release.xcconfig */,
				0BEAB29C6F9E29A21DA4DC2E /* Pods-WA6_Yadav_1702-WA6_Yadav_1702UITests.debug.xcconfig */,
				C0C87163A3BD1D9884DF31EF /* Pods-WA6_Yadav_1702-WA6_Yadav_1702UITests.release.xcconfig */,
				BB82550F782C63A8F5093AB4 /* Pods-WA6_Yadav_1702Tests.debug.xcconfig */,
				18DBB44B07EB608F53820DC9 /* Pods-WA6_Yadav_1702Tests.release.xcconfig */,
			);
			path = Pods;
			sourceTree = "<group>";
		};
		F385E066B9CCAED04B2E0E61 /* Frameworks */ = {
			isa = PBXGroup;
			children = (
				977E4B2568B3748363185CF5 /* Pods_WA6_Yadav_1702.framework */,
				3E6B0EA012DFD0D7F823DB92 /* Pods_WA6_Yadav_1702_WA6_Yadav_1702UITests.framework */,
				D63D03891B88257017817D6A /* Pods_WA6_Yadav_1702Tests.framework */,
			);
			name = Frameworks;
			sourceTree = "<group>";
		};
/* End PBXGroup section */

/* Begin PBXNativeTarget section */
		29CFC4A72EA983B600B823E8 /* WA6_Yadav_1702 */ = {
			isa = PBXNativeTarget;
			buildConfigurationList = 29CFC4D12EA983B900B823E8 /* Build configuration list for PBXNativeTarget "WA6_Yadav_1702" */;
			buildPhases = (
				160843A613DC73ED4B0A460F /* [CP] Check Pods Manifest.lock */,
				29CFC4A42EA983B600B823E8 /* Sources */,
				29CFC4A52EA983B600B823E8 /* Frameworks */,
				29CFC4A62EA983B600B823E8 /* Resources */,
				1BF174CB411BCF1929C7396E /* [CP] Embed Pods Frameworks */,
			);
			buildRules = (
			);
			dependencies = (
			);
			fileSystemSynchronizedGroups = (
				29CFC4AA2EA983B600B823E8 /* WA6_Yadav_1702 */,
			);
			name = WA6_Yadav_1702;
			productName = WA6_Yadav_1702;
			productReference = 29CFC4A82EA983B600B823E8 /* WA6_Yadav_1702.app */;
			productType = "com.apple.product-type.application";
		};
		29CFC4BD2EA983B900B823E8 /* WA6_Yadav_1702Tests */ = {
			isa = PBXNativeTarget;
			buildConfigurationList = 29CFC4D62EA983B900B823E8 /* Build configuration list for PBXNativeTarget "WA6_Yadav_1702Tests" */;
			buildPhases = (
				FBB8E03E6EB455AB6852C008 /* [CP] Check Pods Manifest.lock */,
				29CFC4BA2EA983B900B823E8 /* Sources */,
				29CFC4BB2EA983B900B823E8 /* Frameworks */,
				29CFC4BC2EA983B900B823E8 /* Resources */,
			);
			buildRules = (
			);
			dependencies = (
				29CFC4C02EA983B900B823E8 /* PBXTargetDependency */,
			);
			fileSystemSynchronizedGroups = (
				29CFC4C12EA983B900B823E8 /* WA6_Yadav_1702Tests */,
			);
			name = WA6_Yadav_1702Tests;
			productName = WA6_Yadav_1702Tests;
			productReference = 29CFC4BE2EA983B900B823E8 /* WA6_Yadav_1702Tests.xctest */;
			productType = "com.apple.product-type.bundle.unit-test";
		};
		29CFC4C72EA983B900B823E8 /* WA6_Yadav_1702UITests */ = {
			isa = PBXNativeTarget;
			buildConfigurationList = 29CFC4D92EA983B900B823E8 /* Build configuration list for PBXNativeTarget "WA6_Yadav_1702UITests" */;
			buildPhases = (
				268FCB774C572391F0083C93 /* [CP] Check Pods Manifest.lock */,
				29CFC4C42EA983B900B823E8 /* Sources */,
				29CFC4C52EA983B900B823E8 /* Frameworks */,
				29CFC4C62EA983B900B823E8 /* Resources */,
				4C64F912778CFA38D7278C14 /* [CP] Embed Pods Frameworks */,
			);
			buildRules = (
			);
			dependencies = (
				29CFC4CA2EA983B900B823E8 /* PBXTargetDependency */,
			);
			fileSystemSynchronizedGroups = (
				29CFC4CB2EA983B900B823E8 /* WA6_Yadav_1702UITests */,
			);
			name = WA6_Yadav_1702UITests;
			productName = WA6_Yadav_1702UITests;
			productReference = 29CFC4C82EA983B900B823E8 /* WA6_Yadav_1702UITests.xctest */;
			productType = "com.apple.product-type.bundle.ui-testing";
		};
/* End PBXNativeTarget section */

/* Begin PBXProject section */
		29CFC4A02EA983B600B823E8 /* Project object */ = {
			isa = PBXProject;
			attributes = {
				BuildIndependentTargetsInParallel = 1;
				LastSwiftUpdateCheck = 1640;
				LastUpgradeCheck = 1640;
				TargetAttributes = {
					29CFC4A72EA983B600B823E8 = {
						CreatedOnToolsVersion = 16.4;
					};
					29CFC4BD2EA983B900B823E8 = {
						CreatedOnToolsVersion = 16.4;
						TestTargetID = 29CFC4A72EA983B600B823E8;
					};
					29CFC4C72EA983B900B823E8 = {
						CreatedOnToolsVersion = 16.4;
						TestTargetID = 29CFC4A72EA983B600B823E8;
					};
				};
			};
			buildConfigurationList = 29CFC4A32EA983B600B823E8 /* Build configuration list for PBXProject "WA6_Yadav_1702" */;
			developmentRegion = en;
			hasScannedForEncodings = 0;
			knownRegions = (
				en,
				Base,
			);
			mainGroup = 29CFC49F2EA983B600B823E8;
			minimizedProjectReferenceProxies = 1;
			preferredProjectObjectVersion = 77;
			productRefGroup = 29CFC4A92EA983B600B823E8 /* Products */;
			projectDirPath = "";
			projectRoot = "";
			targets = (
				29CFC4A72EA983B600B823E8 /* WA6_Yadav_1702 */,
				29CFC4BD2EA983B900B823E8 /* WA6_Yadav_1702Tests */,
				29CFC4C72EA983B900B823E8 /* WA6_Yadav_1702UITests */,
			);
		};
/* End PBXProject section */

/* Begin PBXResourcesBuildPhase section */
		29CFC4A62EA983B600B823E8 /* Resources */ = {
			isa = PBXResourcesBuildPhase;
			buildActionMask = 2147483647;
			files = (
			);
			runOnlyForDeploymentPostprocessing = 0;
		};
		29CFC4BC2EA983B900B823E8 /* Resources */ = {
			isa = PBXResourcesBuildPhase;
			buildActionMask = 2147483647;
			files = (
			);
			runOnlyForDeploymentPostprocessing = 0;
		};
		29CFC4C62EA983B900B823E8 /* Resources */ = {
			isa = PBXResourcesBuildPhase;
			buildActionMask = 2147483647;
			files = (
			);
			runOnlyForDeploymentPostprocessing = 0;
		};
/* End PBXResourcesBuildPhase section */

/* Begin PBXShellScriptBuildPhase section */
		160843A613DC73ED4B0A460F /* [CP] Check Pods Manifest.lock */ = {
			isa = PBXShellScriptBuildPhase;
			buildActionMask = 2147483647;
			files = (
			);
			inputFileListPaths = (
			);
			inputPaths = (
				"${PODS_PODFILE_DIR_PATH}/Podfile.lock",
				"${PODS_ROOT}/Manifest.lock",
			);
			name = "[CP] Check Pods Manifest.lock";
			outputFileListPaths = (
			);
			outputPaths = (
				"$(DERIVED_FILE_DIR)/Pods-WA6_Yadav_1702-checkManifestLockResult.txt",
			);
			runOnlyForDeploymentPostprocessing = 0;
			shellPath = /bin/sh;
			shellScript = "diff \"${PODS_PODFILE_DIR_PATH}/Podfile.lock\" \"${PODS_ROOT}/Manifest.lock\" > /dev/null\nif [ $? != 0 ] ; then\n    # print error to STDERR\n    echo \"error: The sandbox is not in sync with the Podfile.lock. Run 'pod install' or update your CocoaPods installation.\" >&2\n    exit 1\nfi\n# This output is used by Xcode 'outputs' to avoid re-running this script phase.\necho \"SUCCESS\" > \"${SCRIPT_OUTPUT_FILE_0}\"\n";
			showEnvVarsInLog = 0;
		};
		1BF174CB411BCF1929C7396E /* [CP] Embed Pods Frameworks */ = {
			isa = PBXShellScriptBuildPhase;
			buildActionMask = 2147483647;
			files = (
			);
			inputFileListPaths = (
				"${PODS_ROOT}/Target Support Files/Pods-WA6_Yadav_1702/Pods-WA6_Yadav_1702-frameworks-${CONFIGURATION}-input-files.xcfilelist",
			);
			inputPaths = (
			);
			name = "[CP] Embed Pods Frameworks";
			outputFileListPaths = (
				"${PODS_ROOT}/Target Support Files/Pods-WA6_Yadav_1702/Pods-WA6_Yadav_1702-frameworks-${CONFIGURATION}-output-files.xcfilelist",
			);
			outputPaths = (
			);
			runOnlyForDeploymentPostprocessing = 0;
			shellPath = /bin/sh;
			shellScript = "\"${PODS_ROOT}/Target Support Files/Pods-WA6_Yadav_1702/Pods-WA6_Yadav_1702-frameworks.sh\"\n";
			showEnvVarsInLog = 0;
		};
		268FCB774C572391F0083C93 /* [CP] Check Pods Manifest.lock */ = {
			isa = PBXShellScriptBuildPhase;
			buildActionMask = 2147483647;
			files = (
			);
			inputFileListPaths = (
			);
			inputPaths = (
				"${PODS_PODFILE_DIR_PATH}/Podfile.lock",
				"${PODS_ROOT}/Manifest.lock",
			);
			name = "[CP] Check Pods Manifest.lock";
			outputFileListPaths = (
			);
			outputPaths = (
				"$(DERIVED_FILE_DIR)/Pods-WA6_Yadav_1702-WA6_Yadav_1702UITests-checkManifestLockResult.txt",
			);
			runOnlyForDeploymentPostprocessing = 0;
			shellPath = /bin/sh;
			shellScript = "diff \"${PODS_PODFILE_DIR_PATH}/Podfile.lock\" \"${PODS_ROOT}/Manifest.lock\" > /dev/null\nif [ $? != 0 ] ; then\n    # print error to STDERR\n    echo \"error: The sandbox is not in sync with the Podfile.lock. Run 'pod install' or update your CocoaPods installation.\" >&2\n    exit 1\nfi\n# This output is used by Xcode 'outputs' to avoid re-running this script phase.\necho \"SUCCESS\" > \"${SCRIPT_OUTPUT_FILE_0}\"\n";
			showEnvVarsInLog = 0;
		};
		4C64F912778CFA38D7278C14 /* [CP] Embed Pods Frameworks */ = {
			isa = PBXShellScriptBuildPhase;
			buildActionMask = 2147483647;
			files = (
			);
			inputFileListPaths = (
				"${PODS_ROOT}/Target Support Files/Pods-WA6_Yadav_1702-WA6_Yadav_1702UITests/Pods-WA6_Yadav_1702-WA6_Yadav_1702UITests-frameworks-${CONFIGURATION}-input-files.xcfilelist",
			);
			inputPaths = (
			);
			name = "[CP] Embed Pods Frameworks";
			outputFileListPaths = (
				"${PODS_ROOT}/Target Support Files/Pods-WA6_Yadav_1702-WA6_Yadav_1702UITests/Pods-WA6_Yadav_1702-WA6_Yadav_1702UITests-frameworks-${CONFIGURATION}-output-files.xcfilelist",
			);
			outputPaths = (
			);
			runOnlyForDeploymentPostprocessing = 0;
			shellPath = /bin/sh;
			shellScript = "\"${PODS_ROOT}/Target Support Files/Pods-WA6_Yadav_1702-WA6_Yadav_1702UITests/Pods-WA6_Yadav_1702-WA6_Yadav_1702UITests-frameworks.sh\"\n";
			showEnvVarsInLog = 0;
		};
		FBB8E03E6EB455AB6852C008 /* [CP] Check Pods Manifest.lock */ = {
			isa = PBXShellScriptBuildPhase;
			buildActionMask = 2147483647;
			files = (
			);
			inputFileListPaths = (
			);
			inputPaths = (
				"${PODS_PODFILE_DIR_PATH}/Podfile.lock",
				"${PODS_ROOT}/Manifest.lock",
			);
			name = "[CP] Check Pods Manifest.lock";
			outputFileListPaths = (
			);
			outputPaths = (
				"$(DERIVED_FILE_DIR)/Pods-WA6_Yadav_1702Tests-checkManifestLockResult.txt",
			);
			runOnlyForDeploymentPostprocessing = 0;
			shellPath = /bin/sh;
			shellScript = "diff \"${PODS_PODFILE_DIR_PATH}/Podfile.lock\" \"${PODS_ROOT}/Manifest.lock\" > /dev/null\nif [ $? != 0 ] ; then\n    # print error to STDERR\n    echo \"error: The sandbox is not in sync with the Podfile.lock. Run 'pod install' or update your CocoaPods installation.\" >&2\n    exit 1\nfi\n# This output is used by Xcode 'outputs' to avoid re-running this script phase.\necho \"SUCCESS\" > \"${SCRIPT_OUTPUT_FILE_0}\"\n";
			showEnvVarsInLog = 0;
		};
/* End PBXShellScriptBuildPhase section */

/* Begin PBXSourcesBuildPhase section */
		29CFC4A42EA983B600B823E8 /* Sources */ = {
			isa = PBXSourcesBuildPhase;
			buildActionMask = 2147483647;
			files = (
			);
			runOnlyForDeploymentPostprocessing = 0;
		};
		29CFC4BA2EA983B900B823E8 /* Sources */ = {
			isa = PBXSourcesBuildPhase;
			buildActionMask = 2147483647;
			files = (
			);
			runOnlyForDeploymentPostprocessing = 0;
		};
		29CFC4C42EA983B900B823E8 /* Sources */ = {
			isa = PBXSourcesBuildPhase;
			buildActionMask = 2147483647;
			files = (
			);
			runOnlyForDeploymentPostprocessing = 0;
		};
/* End PBXSourcesBuildPhase section */

/* Begin PBXTargetDependency section */
		29CFC4C02EA983B900B823E8 /* PBXTargetDependency */ = {
			isa = PBXTargetDependency;
			target = 29CFC4A72EA983B600B823E8 /* WA6_Yadav_1702 */;
			targetProxy = 29CFC4BF2EA983B900B823E8 /* PBXContainerItemProxy */;
		};
		29CFC4CA2EA983B900B823E8 /* PBXTargetDependency */ = {
			isa = PBXTargetDependency;
			target = 29CFC4A72EA983B600B823E8 /* WA6_Yadav_1702 */;
			targetProxy = 29CFC4C92EA983B900B823E8 /* PBXContainerItemProxy */;
		};
/* End PBXTargetDependency section */

/* Begin XCBuildConfiguration section */
		29CFC4D22EA983B900B823E8 /* Debug */ = {
			isa = XCBuildConfiguration;
			baseConfigurationReference = 34C6FB1AD4832C8E9B4F425C /* Pods-WA6_Yadav_1702.debug.xcconfig */;
			buildSettings = {
				ASSETCATALOG_COMPILER_APPICON_NAME = AppIcon;
				ASSETCATALOG_COMPILER_GLOBAL_ACCENT_COLOR_NAME = AccentColor;
				CODE_SIGN_STYLE = Automatic;
				CURRENT_PROJECT_VERSION = 1;
				DEVELOPMENT_TEAM = 76BH5BLS3S;
				GENERATE_INFOPLIST_FILE = YES;
				INFOPLIST_FILE = WA6_Yadav_1702/Info.plist;
				INFOPLIST_KEY_UIApplicationSupportsIndirectInputEvents = YES;
				INFOPLIST_KEY_UILaunchStoryboardName = LaunchScreen;
				INFOPLIST_KEY_UIMainStoryboardFile = Main;
				INFOPLIST_KEY_UISupportedInterfaceOrientations_iPad = "UIInterfaceOrientationPortrait UIInterfaceOrientationPortraitUpsideDown UIInterfaceOrientationLandscapeLeft UIInterfaceOrientationLandscapeRight";
				INFOPLIST_KEY_UISupportedInterfaceOrientations_iPhone = "UIInterfaceOrientationPortrait UIInterfaceOrientationLandscapeLeft UIInterfaceOrientationLandscapeRight";
				LD_RUNPATH_SEARCH_PATHS = (
					"$(inherited)",
					"@executable_path/Frameworks",
				);
				MARKETING_VERSION = 1.0;
				PRODUCT_BUNDLE_IDENTIFIER = "com.example.WA6-Yadav-1702";
				PRODUCT_NAME = "$(TARGET_NAME)";
				SWIFT_EMIT_LOC_STRINGS = YES;
				SWIFT_VERSION = 5.0;
				TARGETED_DEVICE_FAMILY = "1,2";
			};
			name = Debug;
		};
		29CFC4D32EA983B900B823E8 /* Release */ = {
			isa = XCBuildConfiguration;
			baseConfigurationReference = 4E26B200CDA75CC22315C8ED /* Pods-WA6_Yadav_1702.release.xcconfig */;
			buildSettings = {
				ASSETCATALOG_COMPILER_APPICON_NAME = AppIcon;
				ASSETCATALOG_COMPILER_GLOBAL_ACCENT_COLOR_NAME = AccentColor;
				CODE_SIGN_STYLE = Automatic;
				CURRENT_PROJECT_VERSION = 1;
				DEVELOPMENT_TEAM = 76BH5BLS3S;
				GENERATE_INFOPLIST_FILE = YES;
				INFOPLIST_FILE = WA6_Yadav_1702/Info.plist;
				INFOPLIST_KEY_UIApplicationSupportsIndirectInputEvents = YES;
				INFOPLIST_KEY_UILaunchStoryboardName = LaunchScreen;
				INFOPLIST_KEY_UIMainStoryboardFile = Main;
				INFOPLIST_KEY_UISupportedInterfaceOrientations_iPad = "UIInterfaceOrientationPortrait UIInterfaceOrientationPortraitUpsideDown UIInterfaceOrientationLandscapeLeft UIInterfaceOrientationLandscapeRight";
				INFOPLIST_KEY_UISupportedInterfaceOrientations_iPhone = "UIInterfaceOrientationPortrait UIInterfaceOrientationLandscapeLeft UIInterfaceOrientationLandscapeRight";
				LD_RUNPATH_SEARCH_PATHS = (
					"$(inherited)",
					"@executable_path/Frameworks",
				);
				MARKETING_VERSION = 1.0;
				PRODUCT_BUNDLE_IDENTIFIER = "com.example.WA6-Yadav-1702";
				PRODUCT_NAME = "$(TARGET_NAME)";
				SWIFT_EMIT_LOC_STRINGS = YES;
				SWIFT_VERSION = 5.0;
				TARGETED_DEVICE_FAMILY = "1,2";
			};
			name = Release;
		};
		29CFC4D42EA983B900B823E8 /* Debug */ = {
			isa = XCBuildConfiguration;
			buildSettings = {
				ALWAYS_SEARCH_USER_PATHS = NO;
				ASSETCATALOG_COMPILER_GENERATE_SWIFT_ASSET_SYMBOL_EXTENSIONS = YES;
				CLANG_ANALYZER_NONNULL = YES;
				CLANG_ANALYZER_NUMBER_OBJECT_CONVERSION = YES_AGGRESSIVE;
				CLANG_CXX_LANGUAGE_STANDARD = "gnu++20";
				CLANG_ENABLE_MODULES = YES;
				CLANG_ENABLE_OBJC_ARC = YES;
				CLANG_ENABLE_OBJC_WEAK = YES;
				CLANG_WARN_BLOCK_CAPTURE_AUTORELEASING = YES;
				CLANG_WARN_BOOL_CONVERSION = YES;
				CLANG_WARN_COMMA = YES;
				CLANG_WARN_CONSTANT_CONVERSION = YES;
				CLANG_WARN_DEPRECATED_OBJC_IMPLEMENTATIONS = YES;
				CLANG_WARN_DIRECT_OBJC_ISA_USAGE = YES_ERROR;
				CLANG_WARN_DOCUMENTATION_COMMENTS = YES;
				CLANG_WARN_EMPTY_BODY = YES;
				CLANG_WARN_ENUM_CONVERSION = YES;
				CLANG_WARN_INFINITE_RECURSION = YES;
				CLANG_WARN_INT_CONVERSION = YES;
				CLANG_WARN_NON_LITERAL_NULL_CONVERSION = YES;
				CLANG_WARN_OBJC_IMPLICIT_RETAIN_SELF = YES;
				CLANG_WARN_OBJC_LITERAL_CONVERSION = YES;
				CLANG_WARN_OBJC_ROOT_CLASS = YES_ERROR;
				CLANG_WARN_QUOTED_INCLUDE_IN_FRAMEWORK_HEADER = YES;
				CLANG_WARN_RANGE_LOOP_ANALYSIS = YES;
				CLANG_WARN_STRICT_PROTOTYPES = YES;
				CLANG_WARN_SUSPICIOUS_MOVE = YES;
				CLANG_WARN_UNGUARDED_AVAILABILITY = YES_AGGRESSIVE;
				CLANG_WARN_UNREACHABLE_CODE = YES;
				CLANG_WARN__DUPLICATE_METHOD_MATCH = YES;
				COPY_PHASE_STRIP = NO;
				DEBUG_INFORMATION_FORMAT = dwarf;
				DEVELOPMENT_TEAM = 76BH5BLS3S;
				ENABLE_STRICT_OBJC_MSGSEND = YES;
				ENABLE_TESTABILITY = YES;
				ENABLE_USER_SCRIPT_SANDBOXING = NO;
				GCC_C_LANGUAGE_STANDARD = gnu17;
				GCC_DYNAMIC_NO_PIC = NO;
				GCC_NO_COMMON_BLOCKS = YES;
				GCC_OPTIMIZATION_LEVEL = 0;
				GCC_PREPROCESSOR_DEFINITIONS = (
					"DEBUG=1",
					"$(inherited)",
				);
				GCC_WARN_64_TO_32_BIT_CONVERSION = YES;
				GCC_WARN_ABOUT_RETURN_TYPE = YES_ERROR;
				GCC_WARN_UNDECLARED_SELECTOR = YES;
				GCC_WARN_UNINITIALIZED_AUTOS = YES_AGGRESSIVE;
				GCC_WARN_UNUSED_FUNCTION = YES;
				GCC_WARN_UNUSED_VARIABLE = YES;
				IPHONEOS_DEPLOYMENT_TARGET = 18.5;
				LOCALIZATION_PREFERS_STRING_CATALOGS = YES;
				MTL_ENABLE_DEBUG_INFO = INCLUDE_SOURCE;
				MTL_FAST_MATH = YES;
				ONLY_ACTIVE_ARCH = YES;
				SDKROOT = iphoneos;
				SWIFT_ACTIVE_COMPILATION_CONDITIONS = "DEBUG $(inherited)";
				SWIFT_OPTIMIZATION_LEVEL = "-Onone";
			};
			name = Debug;
		};
		29CFC4D52EA983B900B823E8 /* Release */ = {
			isa = XCBuildConfiguration;
			buildSettings = {
				ALWAYS_SEARCH_USER_PATHS = NO;
				ASSETCATALOG_COMPILER_GENERATE_SWIFT_ASSET_SYMBOL_EXTENSIONS = YES;
				CLANG_ANALYZER_NONNULL = YES;
				CLANG_ANALYZER_NUMBER_OBJECT_CONVERSION = YES_AGGRESSIVE;
				CLANG_CXX_LANGUAGE_STANDARD = "gnu++20";
				CLANG_ENABLE_MODULES = YES;
				CLANG_ENABLE_OBJC_ARC = YES;
				CLANG_ENABLE_OBJC_WEAK = YES;
				CLANG_WARN_BLOCK_CAPTURE_AUTORELEASING = YES;
				CLANG_WARN_BOOL_CONVERSION = YES;
				CLANG_WARN_COMMA = YES;
				CLANG_WARN_CONSTANT_CONVERSION = YES;
				CLANG_WARN_DEPRECATED_OBJC_IMPLEMENTATIONS = YES;
				CLANG_WARN_DIRECT_OBJC_ISA_USAGE = YES_ERROR;
				CLANG_WARN_DOCUMENTATION_COMMENTS = YES;
				CLANG_WARN_EMPTY_BODY = YES;
				CLANG_WARN_ENUM_CONVERSION = YES;
				CLANG_WARN_INFINITE_RECURSION = YES;
				CLANG_WARN_INT_CONVERSION = YES;
				CLANG_WARN_NON_LITERAL_NULL_CONVERSION = YES;
				CLANG_WARN_OBJC_IMPLICIT_RETAIN_SELF = YES;
				CLANG_WARN_OBJC_LITERAL_CONVERSION = YES;
				CLANG_WARN_OBJC_ROOT_CLASS = YES_ERROR;
				CLANG_WARN_QUOTED_INCLUDE_IN_FRAMEWORK_HEADER = YES;
				CLANG_WARN_RANGE_LOOP_ANALYSIS = YES;
				CLANG_WARN_STRICT_PROTOTYPES = YES;
				CLANG_WARN_SUSPICIOUS_MOVE = YES;
				CLANG_WARN_UNGUARDED_AVAILABILITY = YES_AGGRESSIVE;
				CLANG_WARN_UNREACHABLE_CODE = YES;
				CLANG_WARN__DUPLICATE_METHOD_MATCH = YES;
				COPY_PHASE_STRIP = NO;
				DEBUG_INFORMATION_FORMAT = "dwarf-with-dsym";
				DEVELOPMENT_TEAM = 76BH5BLS3S;
				ENABLE_NS_ASSERTIONS = NO;
				ENABLE_STRICT_OBJC_MSGSEND = YES;
				ENABLE_USER_SCRIPT_SANDBOXING = NO;
				GCC_C_LANGUAGE_STANDARD = gnu17;
				GCC_NO_COMMON_BLOCKS = YES;
				GCC_WARN_64_TO_32_BIT_CONVERSION = YES;
				GCC_WARN_ABOUT_RETURN_TYPE = YES_ERROR;
				GCC_WARN_UNDECLARED_SELECTOR = YES;
				GCC_WARN_UNINITIALIZED_AUTOS = YES_AGGRESSIVE;
				GCC_WARN_UNUSED_FUNCTION = YES;
				GCC_WARN_UNUSED_VARIABLE = YES;
				IPHONEOS_DEPLOYMENT_TARGET = 18.5;
				LOCALIZATION_PREFERS_STRING_CATALOGS = YES;
				MTL_ENABLE_DEBUG_INFO = NO;
				MTL_FAST_MATH = YES;
				SDKROOT = iphoneos;
				SWIFT_COMPILATION_MODE = wholemodule;
				VALIDATE_PRODUCT = YES;
			};
			name = Release;
		};
		29CFC4D72EA983B900B823E8 /* Debug */ = {
			isa = XCBuildConfiguration;
			baseConfigurationReference = BB82550F782C63A8F5093AB4 /* Pods-WA6_Yadav_1702Tests.debug.xcconfig */;
			buildSettings = {
				BUNDLE_LOADER = "$(TEST_HOST)";
				CODE_SIGN_STYLE = Automatic;
				CURRENT_PROJECT_VERSION = 1;
				DEVELOPMENT_TEAM = 76BH5BLS3S;
				GENERATE_INFOPLIST_FILE = YES;
				IPHONEOS_DEPLOYMENT_TARGET = 18.5;
				MARKETING_VERSION = 1.0;
				PRODUCT_BUNDLE_IDENTIFIER = "com.example.WA6-Yadav-1702Tests";
				PRODUCT_NAME = "$(TARGET_NAME)";
				SWIFT_EMIT_LOC_STRINGS = NO;
				SWIFT_VERSION = 5.0;
				TARGETED_DEVICE_FAMILY = "1,2";
				TEST_HOST = "$(BUILT_PRODUCTS_DIR)/WA6_Yadav_1702.app/$(BUNDLE_EXECUTABLE_FOLDER_PATH)/WA6_Yadav_1702";
			};
			name = Debug;
		};
		29CFC4D82EA983B900B823E8 /* Release */ = {
			isa = XCBuildConfiguration;
			baseConfigurationReference = 18DBB44B07EB608F53820DC9 /* Pods-WA6_Yadav_1702Tests.release.xcconfig */;
			buildSettings = {
				BUNDLE_LOADER = "$(TEST_HOST)";
				CODE_SIGN_STYLE = Automatic;
				CURRENT_PROJECT_VERSION = 1;
				DEVELOPMENT_TEAM = 76BH5BLS3S;
				GENERATE_INFOPLIST_FILE = YES;
				IPHONEOS_DEPLOYMENT_TARGET = 18.5;
				MARKETING_VERSION = 1.0;
				PRODUCT_BUNDLE_IDENTIFIER = "com.example.WA6-Yadav-1702Tests";
				PRODUCT_NAME = "$(TARGET_NAME)";
				SWIFT_EMIT_LOC_STRINGS = NO;
				SWIFT_VERSION = 5.0;
				TARGETED_DEVICE_FAMILY = "1,2";
				TEST_HOST = "$(BUILT_PRODUCTS_DIR)/WA6_Yadav_1702.app/$(BUNDLE_EXECUTABLE_FOLDER_PATH)/WA6_Yadav_1702";
			};
			name = Release;
		};
		29CFC4DA2EA983B900B823E8 /* Debug */ = {
			isa = XCBuildConfiguration;
			baseConfigurationReference = 0BEAB29C6F9E29A21DA4DC2E /* Pods-WA6_Yadav_1702-WA6_Yadav_1702UITests.debug.xcconfig */;
			buildSettings = {
				CODE_SIGN_STYLE = Automatic;
				CURRENT_PROJECT_VERSION = 1;
				DEVELOPMENT_TEAM = 76BH5BLS3S;
				GENERATE_INFOPLIST_FILE = YES;
				MARKETING_VERSION = 1.0;
				PRODUCT_BUNDLE_IDENTIFIER = "com.example.WA6-Yadav-1702UITests";
				PRODUCT_NAME = "$(TARGET_NAME)";
				SWIFT_EMIT_LOC_STRINGS = NO;
				SWIFT_VERSION = 5.0;
				TARGETED_DEVICE_FAMILY = "1,2";
				TEST_TARGET_NAME = WA6_Yadav_1702;
			};
			name = Debug;
		};
		29CFC4DB2EA983B900B823E8 /* Release */ = {
			isa = XCBuildConfiguration;
			baseConfigurationReference = C0C87163A3BD1D9884DF31EF /* Pods-WA6_Yadav_1702-WA6_Yadav_1702UITests.release.xcconfig */;
			buildSettings = {
				CODE_SIGN_STYLE = Automatic;
				CURRENT_PROJECT_VERSION = 1;
				DEVELOPMENT_TEAM = 76BH5BLS3S;
				GENERATE_INFOPLIST_FILE = YES;
				MARKETING_VERSION = 1.0;
				PRODUCT_BUNDLE_IDENTIFIER = "com.example.WA6-Yadav-1702UITests";
				PRODUCT_NAME = "$(TARGET_NAME)";
				SWIFT_EMIT_LOC_STRINGS = NO;
				SWIFT_VERSION = 5.0;
				TARGETED_DEVICE_FAMILY = "1,2";
				TEST_TARGET_NAME = WA6_Yadav_1702;
			};
			name = Release;
		};
/* End XCBuildConfiguration section */

/* Begin XCConfigurationList section */
		29CFC4A32EA983B600B823E8 /* Build configuration list for PBXProject "WA6_Yadav_1702" */ = {
			isa = XCConfigurationList;
			buildConfigurations = (
				29CFC4D42EA983B900B823E8 /* Debug */,
				29CFC4D52EA983B900B823E8 /* Release */,
			);
			defaultConfigurationIsVisible = 0;
			defaultConfigurationName = Release;
		};
		29CFC4D12EA983B900B823E8 /* Build configuration list for PBXNativeTarget "WA6_Yadav_1702" */ = {
			isa = XCConfigurationList;
			buildConfigurations = (
				29CFC4D22EA983B900B823E8 /* Debug */,
				29CFC4D32EA983B900B823E8 /* Release */,
			);
			defaultConfigurationIsVisible = 0;
			defaultConfigurationName = Release;
		};
		29CFC4D62EA983B900B823E8 /* Build configuration list for PBXNativeTarget "WA6_Yadav_1702Tests" */ = {
			isa = XCConfigurationList;
			buildConfigurations = (
				29CFC4D72EA983B900B823E8 /* Debug */,
				29CFC4D82EA983B900B823E8 /* Release */,
			);
			defaultConfigurationIsVisible = 0;
			defaultConfigurationName = Release;
		};
		29CFC4D92EA983B900B823E8 /* Build configuration list for PBXNativeTarget "WA6_Yadav_1702UITests" */ = {
			isa = XCConfigurationList;
			buildConfigurations = (
				29CFC4DA2EA983B900B823E8 /* Debug */,
				29CFC4DB2EA983B900B823E8 /* Release */,
			);
			defaultConfigurationIsVisible = 0;
			defaultConfigurationName = Release;
		};
/* End XCConfigurationList section */
	};
	rootObject = 29CFC4A02EA983B600B823E8 /* Project object */;
}
