// !$*UTF8*$!
{
	archiveVersion = 1;
	classes = {
	};
	objectVersion = 77;
	objects = {

/* Begin PBXContainerItemProxy section */
		298FDE232E821876009A45B4 /* PBXContainerItemProxy */ = {
			isa = PBXContainerItemProxy;
			containerPortal = 298FDE042E821874009A45B4 /* Project object */;
			proxyType = 1;
			remoteGlobalIDString = 298FDE0B2E821875009A45B4;
			remoteInfo = NavigationDemo;
		};
		298FDE2D2E821876009A45B4 /* PBXContainerItemProxy */ = {
			isa = PBXContainerItemProxy;
			containerPortal = 298FDE042E821874009A45B4 /* Project object */;
			proxyType = 1;
			remoteGlobalIDString = 298FDE0B2E821875009A45B4;
			remoteInfo = NavigationDemo;
		};
/* End PBXContainerItemProxy section */

/* Begin PBXFileReference section */
		298FDE0C2E821875009A45B4 /* NavigationDemo.app */ = {isa = PBXFileReference; explicitFileType = wrapper.application; includeInIndex = 0; path = NavigationDemo.app; sourceTree = BUILT_PRODUCTS_DIR; };
		298FDE222E821876009A45B4 /* NavigationDemoTests.xctest */ = {isa = PBXFileReference; explicitFileType = wrapper.cfbundle; includeInIndex = 0; path = NavigationDemoTests.xctest; sourceTree = BUILT_PRODUCTS_DIR; };
		298FDE2C2E821876009A45B4 /* NavigationDemoUITests.xctest */ = {isa = PBXFileReference; explicitFileType = wrapper.cfbundle; includeInIndex = 0; path = NavigationDemoUITests.xctest; sourceTree = BUILT_PRODUCTS_DIR; };
/* End PBXFileReference section */

/* Begin PBXFileSystemSynchronizedBuildFileExceptionSet section */
		298FDE342E821876009A45B4 /* Exceptions for "NavigationDemo" folder in "NavigationDemo" target */ = {
			isa = PBXFileSystemSynchronizedBuildFileExceptionSet;
			membershipExceptions = (
				Info.plist,
			);
			target = 298FDE0B2E821875009A45B4 /* NavigationDemo */;
		};
/* End PBXFileSystemSynchronizedBuildFileExceptionSet section */

/* Begin PBXFileSystemSynchronizedRootGroup section */
		298FDE0E2E821875009A45B4 /* NavigationDemo */ = {
			isa = PBXFileSystemSynchronizedRootGroup;
			exceptions = (
				298FDE342E821876009A45B4 /* Exceptions for "NavigationDemo" folder in "NavigationDemo" target */,
			);
			path = NavigationDemo;
			sourceTree = "<group>";
		};
		298FDE252E821876009A45B4 /* NavigationDemoTests */ = {
			isa = PBXFileSystemSynchronizedRootGroup;
			path = NavigationDemoTests;
			sourceTree = "<group>";
		};
		298FDE2F2E821876009A45B4 /* NavigationDemoUITests */ = {
			isa = PBXFileSystemSynchronizedRootGroup;
			path = NavigationDemoUITests;
			sourceTree = "<group>";
		};
/* End PBXFileSystemSynchronizedRootGroup section */

/* Begin PBXFrameworksBuildPhase section */
		298FDE092E821875009A45B4 /* Frameworks */ = {
			isa = PBXFrameworksBuildPhase;
			buildActionMask = 2147483647;
			files = (
			);
			runOnlyForDeploymentPostprocessing = 0;
		};
		298FDE1F2E821876009A45B4 /* Frameworks */ = {
			isa = PBXFrameworksBuildPhase;
			buildActionMask = 2147483647;
			files = (
			);
			runOnlyForDeploymentPostprocessing = 0;
		};
		298FDE292E821876009A45B4 /* Frameworks */ = {
			isa = PBXFrameworksBuildPhase;
			buildActionMask = 2147483647;
			files = (
			);
			runOnlyForDeploymentPostprocessing = 0;
		};
/* End PBXFrameworksBuildPhase section */

/* Begin PBXGroup section */
		298FDE032E821874009A45B4 = {
			isa = PBXGroup;
			children = (
				298FDE0E2E821875009A45B4 /* NavigationDemo */,
				298FDE252E821876009A45B4 /* NavigationDemoTests */,
				298FDE2F2E821876009A45B4 /* NavigationDemoUITests */,
				298FDE0D2E821875009A45B4 /* Products */,
			);
			sourceTree = "<group>";
		};
		298FDE0D2E821875009A45B4 /* Products */ = {
			isa = PBXGroup;
			children = (
				298FDE0C2E821875009A45B4 /* NavigationDemo.app */,
				298FDE222E821876009A45B4 /* NavigationDemoTests.xctest */,
				298FDE2C2E821876009A45B4 /* NavigationDemoUITests.xctest */,
			);
			name = Products;
			sourceTree = "<group>";
		};
/* End PBXGroup section */

/* Begin PBXNativeTarget section */
		298FDE0B2E821875009A45B4 /* NavigationDemo */ = {
			isa = PBXNativeTarget;
			buildConfigurationList = 298FDE352E821876009A45B4 /* Build configuration list for PBXNativeTarget "NavigationDemo" */;
			buildPhases = (
				298FDE082E821875009A45B4 /* Sources */,
				298FDE092E821875009A45B4 /* Frameworks */,
				298FDE0A2E821875009A45B4 /* Resources */,
			);
			buildRules = (
			);
			dependencies = (
			);
			fileSystemSynchronizedGroups = (
				298FDE0E2E821875009A45B4 /* NavigationDemo */,
			);
			name = NavigationDemo;
			packageProductDependencies = (
			);
			productName = NavigationDemo;
			productReference = 298FDE0C2E821875009A45B4 /* NavigationDemo.app */;
			productType = "com.apple.product-type.application";
		};
		298FDE212E821876009A45B4 /* NavigationDemoTests */ = {
			isa = PBXNativeTarget;
			buildConfigurationList = 298FDE3A2E821876009A45B4 /* Build configuration list for PBXNativeTarget "NavigationDemoTests" */;
			buildPhases = (
				298FDE1E2E821876009A45B4 /* Sources */,
				298FDE1F2E821876009A45B4 /* Frameworks */,
				298FDE202E821876009A45B4 /* Resources */,
			);
			buildRules = (
			);
			dependencies = (
				298FDE242E821876009A45B4 /* PBXTargetDependency */,
			);
			fileSystemSynchronizedGroups = (
				298FDE252E821876009A45B4 /* NavigationDemoTests */,
			);
			name = NavigationDemoTests;
			packageProductDependencies = (
			);
			productName = NavigationDemoTests;
			productReference = 298FDE222E821876009A45B4 /* NavigationDemoTests.xctest */;
			productType = "com.apple.product-type.bundle.unit-test";
		};
		298FDE2B2E821876009A45B4 /* NavigationDemoUITests */ = {
			isa = PBXNativeTarget;
			buildConfigurationList = 298FDE3D2E821876009A45B4 /* Build configuration list for PBXNativeTarget "NavigationDemoUITests" */;
			buildPhases = (
				298FDE282E821876009A45B4 /* Sources */,
				298FDE292E821876009A45B4 /* Frameworks */,
				298FDE2A2E821876009A45B4 /* Resources */,
			);
			buildRules = (
			);
			dependencies = (
				298FDE2E2E821876009A45B4 /* PBXTargetDependency */,
			);
			fileSystemSynchronizedGroups = (
				298FDE2F2E821876009A45B4 /* NavigationDemoUITests */,
			);
			name = NavigationDemoUITests;
			packageProductDependencies = (
			);
			productName = NavigationDemoUITests;
			productReference = 298FDE2C2E821876009A45B4 /* NavigationDemoUITests.xctest */;
			productType = "com.apple.product-type.bundle.ui-testing";
		};
/* End PBXNativeTarget section */

/* Begin PBXProject section */
		298FDE042E821874009A45B4 /* Project object */ = {
			isa = PBXProject;
			attributes = {
				BuildIndependentTargetsInParallel = 1;
				LastSwiftUpdateCheck = 1640;
				LastUpgradeCheck = 1640;
				TargetAttributes = {
					298FDE0B2E821875009A45B4 = {
						CreatedOnToolsVersion = 16.4;
					};
					298FDE212E821876009A45B4 = {
						CreatedOnToolsVersion = 16.4;
						TestTargetID = 298FDE0B2E821875009A45B4;
					};
					298FDE2B2E821876009A45B4 = {
						CreatedOnToolsVersion = 16.4;
						TestTargetID = 298FDE0B2E821875009A45B4;
					};
				};
			};
			buildConfigurationList = 298FDE072E821874009A45B4 /* Build configuration list for PBXProject "NavigationDemo" */;
			developmentRegion = en;
			hasScannedForEncodings = 0;
			knownRegions = (
				en,
				Base,
			);
			mainGroup = 298FDE032E821874009A45B4;
			minimizedProjectReferenceProxies = 1;
			preferredProjectObjectVersion = 77;
			productRefGroup = 298FDE0D2E821875009A45B4 /* Products */;
			projectDirPath = "";
			projectRoot = "";
			targets = (
				298FDE0B2E821875009A45B4 /* NavigationDemo */,
				298FDE212E821876009A45B4 /* NavigationDemoTests */,
				298FDE2B2E821876009A45B4 /* NavigationDemoUITests */,
			);
		};
/* End PBXProject section */

/* Begin PBXResourcesBuildPhase section */
		298FDE0A2E821875009A45B4 /* Resources */ = {
			isa = PBXResourcesBuildPhase;
			buildActionMask = 2147483647;
			files = (
			);
			runOnlyForDeploymentPostprocessing = 0;
		};
		298FDE202E821876009A45B4 /* Resources */ = {
			isa = PBXResourcesBuildPhase;
			buildActionMask = 2147483647;
			files = (
			);
			runOnlyForDeploymentPostprocessing = 0;
		};
		298FDE2A2E821876009A45B4 /* Resources */ = {
			isa = PBXResourcesBuildPhase;
			buildActionMask = 2147483647;
			files = (
			);
			runOnlyForDeploymentPostprocessing = 0;
		};
/* End PBXResourcesBuildPhase section */

/* Begin PBXSourcesBuildPhase section */
		298FDE082E821875009A45B4 /* Sources */ = {
			isa = PBXSourcesBuildPhase;
			buildActionMask = 2147483647;
			files = (
			);
			runOnlyForDeploymentPostprocessing = 0;
		};
		298FDE1E2E821876009A45B4 /* Sources */ = {
			isa = PBXSourcesBuildPhase;
			buildActionMask = 2147483647;
			files = (
			);
			runOnlyForDeploymentPostprocessing = 0;
		};
		298FDE282E821876009A45B4 /* Sources */ = {
			isa = PBXSourcesBuildPhase;
			buildActionMask = 2147483647;
			files = (
			);
			runOnlyForDeploymentPostprocessing = 0;
		};
/* End PBXSourcesBuildPhase section */

/* Begin PBXTargetDependency section */
		298FDE242E821876009A45B4 /* PBXTargetDependency */ = {
			isa = PBXTargetDependency;
			target = 298FDE0B2E821875009A45B4 /* NavigationDemo */;
			targetProxy = 298FDE232E821876009A45B4 /* PBXContainerItemProxy */;
		};
		298FDE2E2E821876009A45B4 /* PBXTargetDependency */ = {
			isa = PBXTargetDependency;
			target = 298FDE0B2E821875009A45B4 /* NavigationDemo */;
			targetProxy = 298FDE2D2E821876009A45B4 /* PBXContainerItemProxy */;
		};
/* End PBXTargetDependency section */

/* Begin XCBuildConfiguration section */
		298FDE362E821876009A45B4 /* Debug */ = {
			isa = XCBuildConfiguration;
			buildSettings = {
				ASSETCATALOG_COMPILER_APPICON_NAME = AppIcon;
				ASSETCATALOG_COMPILER_GLOBAL_ACCENT_COLOR_NAME = AccentColor;
				CODE_SIGN_STYLE = Automatic;
				CURRENT_PROJECT_VERSION = 1;
				DEVELOPMENT_TEAM = 76BH5BLS3S;
				GENERATE_INFOPLIST_FILE = YES;
				INFOPLIST_FILE = NavigationDemo/Info.plist;
				INFOPLIST_KEY_UIApplicationSupportsIndirectInputEvents = YES;
				INFOPLIST_KEY_UILaunchStoryboardName = LaunchScreen;
				INFOPLIST_KEY_UIMainStoryboardFile = Main;
				INFOPLIST_KEY_UISupportedInterfaceOrientations_iPad = "UIInterfaceOrientationPortrait UIInterfaceOrientationPortraitUpsideDown UIInterfaceOrientationLandscapeLeft UIInterfaceOrientationLandscapeRight";
				INFOPLIST_KEY_UISupportedInterfaceOrientations_iPhone = "UIInterfaceOrientationPortrait UIInterfaceOrientationLandscapeLeft UIInterfaceOrientationLandscapeRight";
				LD_RUNPATH_SEARCH_PATHS = (
					"$(inherited)",
					"@executable_path/Frameworks",
				);
				MARKETING_VERSION = 1.0;
				PRODUCT_BUNDLE_IDENTIFIER = com.example.NavigationDemo;
				PRODUCT_NAME = "$(TARGET_NAME)";
				SWIFT_EMIT_LOC_STRINGS = YES;
				SWIFT_VERSION = 5.0;
				TARGETED_DEVICE_FAMILY = "1,2";
			};
			name = Debug;
		};
		298FDE372E821876009A45B4 /* Release */ = {
			isa = XCBuildConfiguration;
			buildSettings = {
				ASSETCATALOG_COMPILER_APPICON_NAME = AppIcon;
				ASSETCATALOG_COMPILER_GLOBAL_ACCENT_COLOR_NAME = AccentColor;
				CODE_SIGN_STYLE = Automatic;
				CURRENT_PROJECT_VERSION = 1;
				DEVELOPMENT_TEAM = 76BH5BLS3S;
				GENERATE_INFOPLIST_FILE = YES;
				INFOPLIST_FILE = NavigationDemo/Info.plist;
				INFOPLIST_KEY_UIApplicationSupportsIndirectInputEvents = YES;
				INFOPLIST_KEY_UILaunchStoryboardName = LaunchScreen;
				INFOPLIST_KEY_UIMainStoryboardFile = Main;
				INFOPLIST_KEY_UISupportedInterfaceOrientations_iPad = "UIInterfaceOrientationPortrait UIInterfaceOrientationPortraitUpsideDown UIInterfaceOrientationLandscapeLeft UIInterfaceOrientationLandscapeRight";
				INFOPLIST_KEY_UISupportedInterfaceOrientations_iPhone = "UIInterfaceOrientationPortrait UIInterfaceOrientationLandscapeLeft UIInterfaceOrientationLandscapeRight";
				LD_RUNPATH_SEARCH_PATHS = (
					"$(inherited)",
					"@executable_path/Frameworks",
				);
				MARKETING_VERSION = 1.0;
				PRODUCT_BUNDLE_IDENTIFIER = com.example.NavigationDemo;
				PRODUCT_NAME = "$(TARGET_NAME)";
				SWIFT_EMIT_LOC_STRINGS = YES;
				SWIFT_VERSION = 5.0;
				TARGETED_DEVICE_FAMILY = "1,2";
			};
			name = Release;
		};
		298FDE382E821876009A45B4 /* Debug */ = {
			isa = XCBuildConfiguration;
			buildSettings = {
				ALWAYS_SEARCH_USER_PATHS = NO;
				ASSETCATALOG_COMPILER_GENERATE_SWIFT_ASSET_SYMBOL_EXTENSIONS = YES;
				CLANG_ANALYZER_NONNULL = YES;
				CLANG_ANALYZER_NUMBER_OBJECT_CONVERSION = YES_AGGRESSIVE;
				CLANG_CXX_LANGUAGE_STANDARD = "gnu++20";
				CLANG_ENABLE_MODULES = YES;
				CLANG_ENABLE_OBJC_ARC = YES;
				CLANG_ENABLE_OBJC_WEAK = YES;
				CLANG_WARN_BLOCK_CAPTURE_AUTORELEASING = YES;
				CLANG_WARN_BOOL_CONVERSION = YES;
				CLANG_WARN_COMMA = YES;
				CLANG_WARN_CONSTANT_CONVERSION = YES;
				CLANG_WARN_DEPRECATED_OBJC_IMPLEMENTATIONS = YES;
				CLANG_WARN_DIRECT_OBJC_ISA_USAGE = YES_ERROR;
				CLANG_WARN_DOCUMENTATION_COMMENTS = YES;
				CLANG_WARN_EMPTY_BODY = YES;
				CLANG_WARN_ENUM_CONVERSION = YES;
				CLANG_WARN_INFINITE_RECURSION = YES;
				CLANG_WARN_INT_CONVERSION = YES;
				CLANG_WARN_NON_LITERAL_NULL_CONVERSION = YES;
				CLANG_WARN_OBJC_IMPLICIT_RETAIN_SELF = YES;
				CLANG_WARN_OBJC_LITERAL_CONVERSION = YES;
				CLANG_WARN_OBJC_ROOT_CLASS = YES_ERROR;
				CLANG_WARN_QUOTED_INCLUDE_IN_FRAMEWORK_HEADER = YES;
				CLANG_WARN_RANGE_LOOP_ANALYSIS = YES;
				CLANG_WARN_STRICT_PROTOTYPES = YES;
				CLANG_WARN_SUSPICIOUS_MOVE = YES;
				CLANG_WARN_UNGUARDED_AVAILABILITY = YES_AGGRESSIVE;
				CLANG_WARN_UNREACHABLE_CODE = YES;
				CLANG_WARN__DUPLICATE_METHOD_MATCH = YES;
				COPY_PHASE_STRIP = NO;
				DEBUG_INFORMATION_FORMAT = dwarf;
				DEVELOPMENT_TEAM = 76BH5BLS3S;
				ENABLE_STRICT_OBJC_MSGSEND = YES;
				ENABLE_TESTABILITY = YES;
				ENABLE_USER_SCRIPT_SANDBOXING = YES;
				GCC_C_LANGUAGE_STANDARD = gnu17;
				GCC_DYNAMIC_NO_PIC = NO;
				GCC_NO_COMMON_BLOCKS = YES;
				GCC_OPTIMIZATION_LEVEL = 0;
				GCC_PREPROCESSOR_DEFINITIONS = (
					"DEBUG=1",
					"$(inherited)",
				);
				GCC_WARN_64_TO_32_BIT_CONVERSION = YES;
				GCC_WARN_ABOUT_RETURN_TYPE = YES_ERROR;
				GCC_WARN_UNDECLARED_SELECTOR = YES;
				GCC_WARN_UNINITIALIZED_AUTOS = YES_AGGRESSIVE;
				GCC_WARN_UNUSED_FUNCTION = YES;
				GCC_WARN_UNUSED_VARIABLE = YES;
				IPHONEOS_DEPLOYMENT_TARGET = 18.5;
				LOCALIZATION_PREFERS_STRING_CATALOGS = YES;
				MTL_ENABLE_DEBUG_INFO = INCLUDE_SOURCE;
				MTL_FAST_MATH = YES;
				ONLY_ACTIVE_ARCH = YES;
				SDKROOT = iphoneos;
				SWIFT_ACTIVE_COMPILATION_CONDITIONS = "DEBUG $(inherited)";
				SWIFT_OPTIMIZATION_LEVEL = "-Onone";
			};
			name = Debug;
		};
		298FDE392E821876009A45B4 /* Release */ = {
			isa = XCBuildConfiguration;
			buildSettings = {
				ALWAYS_SEARCH_USER_PATHS = NO;
				ASSETCATALOG_COMPILER_GENERATE_SWIFT_ASSET_SYMBOL_EXTENSIONS = YES;
				CLANG_ANALYZER_NONNULL = YES;
				CLANG_ANALYZER_NUMBER_OBJECT_CONVERSION = YES_AGGRESSIVE;
				CLANG_CXX_LANGUAGE_STANDARD = "gnu++20";
				CLANG_ENABLE_MODULES = YES;
				CLANG_ENABLE_OBJC_ARC = YES;
				CLANG_ENABLE_OBJC_WEAK = YES;
				CLANG_WARN_BLOCK_CAPTURE_AUTORELEASING = YES;
				CLANG_WARN_BOOL_CONVERSION = YES;
				CLANG_WARN_COMMA = YES;
				CLANG_WARN_CONSTANT_CONVERSION = YES;
				CLANG_WARN_DEPRECATED_OBJC_IMPLEMENTATIONS = YES;
				CLANG_WARN_DIRECT_OBJC_ISA_USAGE = YES_ERROR;
				CLANG_WARN_DOCUMENTATION_COMMENTS = YES;
				CLANG_WARN_EMPTY_BODY = YES;
				CLANG_WARN_ENUM_CONVERSION = YES;
				CLANG_WARN_INFINITE_RECURSION = YES;
				CLANG_WARN_INT_CONVERSION = YES;
				CLANG_WARN_NON_LITERAL_NULL_CONVERSION = YES;
				CLANG_WARN_OBJC_IMPLICIT_RETAIN_SELF = YES;
				CLANG_WARN_OBJC_LITERAL_CONVERSION = YES;
				CLANG_WARN_OBJC_ROOT_CLASS = YES_ERROR;
				CLANG_WARN_QUOTED_INCLUDE_IN_FRAMEWORK_HEADER = YES;
				CLANG_WARN_RANGE_LOOP_ANALYSIS = YES;
				CLANG_WARN_STRICT_PROTOTYPES = YES;
				CLANG_WARN_SUSPICIOUS_MOVE = YES;
				CLANG_WARN_UNGUARDED_AVAILABILITY = YES_AGGRESSIVE;
				CLANG_WARN_UNREACHABLE_CODE = YES;
				CLANG_WARN__DUPLICATE_METHOD_MATCH = YES;
				COPY_PHASE_STRIP = NO;
				DEBUG_INFORMATION_FORMAT = "dwarf-with-dsym";
				DEVELOPMENT_TEAM = 76BH5BLS3S;
				ENABLE_NS_ASSERTIONS = NO;
				ENABLE_STRICT_OBJC_MSGSEND = YES;
				ENABLE_USER_SCRIPT_SANDBOXING = YES;
				GCC_C_LANGUAGE_STANDARD = gnu17;
				GCC_NO_COMMON_BLOCKS = YES;
				GCC_WARN_64_TO_32_BIT_CONVERSION = YES;
				GCC_WARN_ABOUT_RETURN_TYPE = YES_ERROR;
				GCC_WARN_UNDECLARED_SELECTOR = YES;
				GCC_WARN_UNINITIALIZED_AUTOS = YES_AGGRESSIVE;
				GCC_WARN_UNUSED_FUNCTION = YES;
				GCC_WARN_UNUSED_VARIABLE = YES;
				IPHONEOS_DEPLOYMENT_TARGET = 18.5;
				LOCALIZATION_PREFERS_STRING_CATALOGS = YES;
				MTL_ENABLE_DEBUG_INFO = NO;
				MTL_FAST_MATH = YES;
				SDKROOT = iphoneos;
				SWIFT_COMPILATION_MODE = wholemodule;
				VALIDATE_PRODUCT = YES;
			};
			name = Release;
		};
		298FDE3B2E821876009A45B4 /* Debug */ = {
			isa = XCBuildConfiguration;
			buildSettings = {
				BUNDLE_LOADER = "$(TEST_HOST)";
				CODE_SIGN_STYLE = Automatic;
				CURRENT_PROJECT_VERSION = 1;
				DEVELOPMENT_TEAM = 76BH5BLS3S;
				GENERATE_INFOPLIST_FILE = YES;
				IPHONEOS_DEPLOYMENT_TARGET = 18.5;
				MARKETING_VERSION = 1.0;
				PRODUCT_BUNDLE_IDENTIFIER = com.example.NavigationDemoTests;
				PRODUCT_NAME = "$(TARGET_NAME)";
				SWIFT_EMIT_LOC_STRINGS = NO;
				SWIFT_VERSION = 5.0;
				TARGETED_DEVICE_FAMILY = "1,2";
				TEST_HOST = "$(BUILT_PRODUCTS_DIR)/NavigationDemo.app/$(BUNDLE_EXECUTABLE_FOLDER_PATH)/NavigationDemo";
			};
			name = Debug;
		};
		298FDE3C2E821876009A45B4 /* Release */ = {
			isa = XCBuildConfiguration;
			buildSettings = {
				BUNDLE_LOADER = "$(TEST_HOST)";
				CODE_SIGN_STYLE = Automatic;
				CURRENT_PROJECT_VERSION = 1;
				DEVELOPMENT_TEAM = 76BH5BLS3S;
				GENERATE_INFOPLIST_FILE = YES;
				IPHONEOS_DEPLOYMENT_TARGET = 18.5;
				MARKETING_VERSION = 1.0;
				PRODUCT_BUNDLE_IDENTIFIER = com.example.NavigationDemoTests;
				PRODUCT_NAME = "$(TARGET_NAME)";
				SWIFT_EMIT_LOC_STRINGS = NO;
				SWIFT_VERSION = 5.0;
				TARGETED_DEVICE_FAMILY = "1,2";
				TEST_HOST = "$(BUILT_PRODUCTS_DIR)/NavigationDemo.app/$(BUNDLE_EXECUTABLE_FOLDER_PATH)/NavigationDemo";
			};
			name = Release;
		};
		298FDE3E2E821876009A45B4 /* Debug */ = {
			isa = XCBuildConfiguration;
			buildSettings = {
				CODE_SIGN_STYLE = Automatic;
				CURRENT_PROJECT_VERSION = 1;
				DEVELOPMENT_TEAM = 76BH5BLS3S;
				GENERATE_INFOPLIST_FILE = YES;
				MARKETING_VERSION = 1.0;
				PRODUCT_BUNDLE_IDENTIFIER = com.example.NavigationDemoUITests;
				PRODUCT_NAME = "$(TARGET_NAME)";
				SWIFT_EMIT_LOC_STRINGS = NO;
				SWIFT_VERSION = 5.0;
				TARGETED_DEVICE_FAMILY = "1,2";
				TEST_TARGET_NAME = NavigationDemo;
			};
			name = Debug;
		};
		298FDE3F2E821876009A45B4 /* Release */ = {
			isa = XCBuildConfiguration;
			buildSettings = {
				CODE_SIGN_STYLE = Automatic;
				CURRENT_PROJECT_VERSION = 1;
				DEVELOPMENT_TEAM = 76BH5BLS3S;
				GENERATE_INFOPLIST_FILE = YES;
				MARKETING_VERSION = 1.0;
				PRODUCT_BUNDLE_IDENTIFIER = com.example.NavigationDemoUITests;
				PRODUCT_NAME = "$(TARGET_NAME)";
				SWIFT_EMIT_LOC_STRINGS = NO;
				SWIFT_VERSION = 5.0;
				TARGETED_DEVICE_FAMILY = "1,2";
				TEST_TARGET_NAME = NavigationDemo;
			};
			name = Release;
		};
/* End XCBuildConfiguration section */

/* Begin XCConfigurationList section */
		298FDE072E821874009A45B4 /* Build configuration list for PBXProject "NavigationDemo" */ = {
			isa = XCConfigurationList;
			buildConfigurations = (
				298FDE382E821876009A45B4 /* Debug */,
				298FDE392E821876009A45B4 /* Release */,
			);
			defaultConfigurationIsVisible = 0;
			defaultConfigurationName = Release;
		};
		298FDE352E821876009A45B4 /* Build configuration list for PBXNativeTarget "NavigationDemo" */ = {
			isa = XCConfigurationList;
			buildConfigurations = (
				298FDE362E821876009A45B4 /* Debug */,
				298FDE372E821876009A45B4 /* Release */,
			);
			defaultConfigurationIsVisible = 0;
			defaultConfigurationName = Release;
		};
		298FDE3A2E821876009A45B4 /* Build configuration list for PBXNativeTarget "NavigationDemoTests" */ = {
			isa = XCConfigurationList;
			buildConfigurations = (
				298FDE3B2E821876009A45B4 /* Debug */,
				298FDE3C2E821876009A45B4 /* Release */,
			);
			defaultConfigurationIsVisible = 0;
			defaultConfigurationName = Release;
		};
		298FDE3D2E821876009A45B4 /* Build configuration list for PBXNativeTarget "NavigationDemoUITests" */ = {
			isa = XCConfigurationList;
			buildConfigurations = (
				298FDE3E2E821876009A45B4 /* Debug */,
				298FDE3F2E821876009A45B4 /* Release */,
			);
			defaultConfigurationIsVisible = 0;
			defaultConfigurationName = Release;
		};
/* End XCConfigurationList section */
	};
	rootObject = 298FDE042E821874009A45B4 /* Project object */;
}
